
Microsoft Visual Studio Solution File, Format Version 12.00
# Visual Studio Version 17
VisualStudioVersion = 17.4.33103.184
MinimumVisualStudioVersion = 10.0.40219.1
Project("{FAE04EC0-301F-11D3-BF4B-00C04F79EFBC}") = "BIGBlACKBOX", "BIGBlACKBOX\BIGBlACKBOX.csproj", "{83A7591F-DE93-494E-9FE4-654818819096}"
EndProject
Global
	GlobalSection(SolutionConfigurationPlatforms) = preSolution
		Debug|Any CPU = Debug|Any CPU
		Release|Any CPU = Release|Any CPU
	EndGlobalSection
	GlobalSection(ProjectConfigurationPlatforms) = postSolution
		{83A7591F-DE93-494E-9FE4-654818819096}.Debug|Any CPU.ActiveCfg = Debug|Any CPU
		{83A7591F-DE93-494E-9FE4-654818819096}.Debug|Any CPU.Build.0 = Debug|Any CPU
		{83A7591F-DE93-494E-9FE4-654818819096}.Release|Any CPU.ActiveCfg = Release|Any CPU
		{83A7591F-DE93-494E-9FE4-654818819096}.Release|Any CPU.Build.0 = Release|Any CPU
	EndGlobalSection
	GlobalSection(SolutionProperties) = preSolution
		HideSolutionNode = FALSE
	EndGlobalSection
	GlobalSection(ExtensibilityGlobals) = postSolution
		SolutionGuid = {A123991D-1C59-4638-99F4-80232A14B6B0}
	EndGlobalSection
EndGlobal
